
Microsoft Visual Studio Solution File, Format Version 12.00
# Visual Studio 15
VisualStudioVersion = 15.0.28307.705
MinimumVisualStudioVersion = 10.0.40219.1
Project("{8BC9CEB8-8B4A-11D0-8D11-00A0C91BC942}") = "Ghost", "Ghost\Ghost.vcxproj", "{FDC42FBD-5693-49AC-974F-44218550ECB9}"
EndProject
Global
	GlobalSection(SolutionConfigurationPlatforms) = preSolution
		Debug|x64 = Debug|x64
		Debug|x86 = Debug|x86
		Release|x64 = Release|x64
		Release|x86 = Release|x86
	EndGlobalSection
	GlobalSection(ProjectConfigurationPlatforms) = postSolution
		{FDC42FBD-5693-49AC-974F-44218550ECB9}.Debug|x64.ActiveCfg = Debug|x64
		{FDC42FBD-5693-49AC-974F-44218550ECB9}.Debug|x64.Build.0 = Debug|x64
		{FDC42FBD-5693-49AC-974F-44218550ECB9}.Debug|x86.ActiveCfg = Debug|Win32
		{FDC42FBD-5693-49AC-974F-44218550ECB9}.Debug|x86.Build.0 = Debug|Win32
		{FDC42FBD-5693-49AC-974F-44218550ECB9}.Release|x64.ActiveCfg = Release|x64
		{FDC42FBD-5693-49AC-974F-44218550ECB9}.Release|x64.Build.0 = Release|x64
		{FDC42FBD-5693-49AC-974F-44218550ECB9}.Release|x86.ActiveCfg = Release|Win32
		{FDC42FBD-5693-49AC-974F-44218550ECB9}.Release|x86.Build.0 = Release|Win32
	EndGlobalSection
	GlobalSection(SolutionProperties) = preSolution
		HideSolutionNode = FALSE
	EndGlobalSection
	GlobalSection(ExtensibilityGlobals) = postSolution
		SolutionGuid = {52291CB8-1ED5-4015-B9A1-9BF485CD2294}
	EndGlobalSection
EndGlobal
